
Microsoft Visual Studio Solution File, Format Version 12.00
Project("{FAE04EC0-301F-11D3-BF4B-00C04F79EFBC}") = "OrbitalViewer.WPF", "OrbitalViewer.WPF\OrbitalViewer.WPF.csproj", "{A5B1D9A0-17D9-460D-8777-D6A77152B664}"
EndProject
Project("{FAE04EC0-301F-11D3-BF4B-00C04F79EFBC}") = "OrbitalViewer.Core", "OrbitalViewer.Core\OrbitalViewer.Core.csproj", "{76C4A588-299C-482D-B2B9-9947884BC332}"
EndProject
Global
	GlobalSection(SolutionConfigurationPlatforms) = preSolution
		Debug|Any CPU = Debug|Any CPU
		Release|Any CPU = Release|Any CPU
	EndGlobalSection
	GlobalSection(ProjectConfigurationPlatforms) = postSolution
		{A5B1D9A0-17D9-460D-8777-D6A77152B664}.Debug|Any CPU.ActiveCfg = Debug|Any CPU
		{A5B1D9A0-17D9-460D-8777-D6A77152B664}.Debug|Any CPU.Build.0 = Debug|Any CPU
		{A5B1D9A0-17D9-460D-8777-D6A77152B664}.Release|Any CPU.ActiveCfg = Release|Any CPU
		{A5B1D9A0-17D9-460D-8777-D6A77152B664}.Release|Any CPU.Build.0 = Release|Any CPU
		{76C4A588-299C-482D-B2B9-9947884BC332}.Debug|Any CPU.ActiveCfg = Debug|Any CPU
		{76C4A588-299C-482D-B2B9-9947884BC332}.Debug|Any CPU.Build.0 = Debug|Any CPU
		{76C4A588-299C-482D-B2B9-9947884BC332}.Release|Any CPU.ActiveCfg = Release|Any CPU
		{76C4A588-299C-482D-B2B9-9947884BC332}.Release|Any CPU.Build.0 = Release|Any CPU
	EndGlobalSection
EndGlobal
